
Microsoft Visual Studio Solution File, Format Version 12.00
# Visual Studio Version 16
VisualStudioVersion = 16.0.31025.194
MinimumVisualStudioVersion = 10.0.40219.1
Project("{FAE04EC0-301F-11D3-BF4B-00C04F79EFBC}") = "NotePad_0.1", "NotePad_0.1\NotePad_0.1.csproj", "{3FE9116E-2268-4684-BB2D-8109F1E5030C}"
EndProject
Global
	GlobalSection(SolutionConfigurationPlatforms) = preSolution
		Debug|Any CPU = Debug|Any CPU
		Release|Any CPU = Release|Any CPU
	EndGlobalSection
	GlobalSection(ProjectConfigurationPlatforms) = postSolution
		{3FE9116E-2268-4684-BB2D-8109F1E5030C}.Debug|Any CPU.ActiveCfg = Debug|Any CPU
		{3FE9116E-2268-4684-BB2D-8109F1E5030C}.Debug|Any CPU.Build.0 = Debug|Any CPU
		{3FE9116E-2268-4684-BB2D-8109F1E5030C}.Release|Any CPU.ActiveCfg = Release|Any CPU
		{3FE9116E-2268-4684-BB2D-8109F1E5030C}.Release|Any CPU.Build.0 = Release|Any CPU
	EndGlobalSection
	GlobalSection(SolutionProperties) = preSolution
		HideSolutionNode = FALSE
	EndGlobalSection
	GlobalSection(ExtensibilityGlobals) = postSolution
		SolutionGuid = {66CF7C8D-025D-4BD7-94AF-0DCA6AE075B3}
	EndGlobalSection
EndGlobal
